PODS:
  - BIASystemKit (2.0)

DEPENDENCIES:
  - BIASystemKit (from `https://github.com/StefaniOSApps/BIASystemKit.git`, branch `swift-5.3-beta`)

EXTERNAL SOURCES:
  BIASystemKit:
    :branch: swift-5.3-beta
    :git: https://github.com/StefaniOSApps/BIASystemKit.git

CHECKOUT OPTIONS:
  BIASystemKit:
    :commit: 7d96b707fde82c0bec03cc4127ec8a8260d817b2
    :git: https://github.com/StefaniOSApps/BIASystemKit.git

SPEC CHECKSUMS:
  BIASystemKit: 3c368ed0b9959fb28af5002ec13adb522d01c7bd

PODFILE CHECKSUM: ce45a6eb69abd4aac41362a3112dcec7c799c9b4

COCOAPODS: 1.9.3
