// !$*UTF8*$!
{
	archiveVersion = 1;
	classes = {
	};
	objectVersion = 52;
	objects = {

/* Begin PBXBuildFile section */
		3610DED724ABF11B00A0359D /* SystemHelper.swift in Sources */ = {isa = PBXBuildFile; fileRef = 3610DED624ABF11B00A0359D /* SystemHelper.swift */; };
		3661A8AD2496C43E00E08AAA /* UIDevice.swift in Sources */ = {isa = PBXBuildFile; fileRef = 3661A8AC2496C43E00E08AAA /* UIDevice.swift */; };
		368281C624A90D4200C196D6 /* AppDelegate.m in Sources */ = {isa = PBXBuildFile; fileRef = 368281C524A90D4200C196D6 /* AppDelegate.m */; };
		368281CC24A90D4200C196D6 /* ExampleViewController.m in Sources */ = {isa = PBXBuildFile; fileRef = 368281CB24A90D4200C196D6 /* ExampleViewController.m */; };
		368281D124A90D4200C196D6 /* Assets.xcassets in Resources */ = {isa = PBXBuildFile; fileRef = 368281D024A90D4200C196D6 /* Assets.xcassets */; };
		368281D424A90D4200C196D6 /* LaunchScreen.storyboard in Resources */ = {isa = PBXBuildFile; fileRef = 368281D224A90D4200C196D6 /* LaunchScreen.storyboard */; };
		368281D724A90D4200C196D6 /* main.m in Sources */ = {isa = PBXBuildFile; fileRef = 368281D624A90D4200C196D6 /* main.m */; };
		368281DB24A90D8300C196D6 /* BIASystemKit.framework in Frameworks */ = {isa = PBXBuildFile; fileRef = 369E579D2496C10900253C90 /* BIASystemKit.framework */; };
		368281DC24A90D8300C196D6 /* BIASystemKit.framework in Embed Frameworks */ = {isa = PBXBuildFile; fileRef = 369E579D2496C10900253C90 /* BIASystemKit.framework */; settings = {ATTRIBUTES = (CodeSignOnCopy, RemoveHeadersOnCopy, ); }; };
		368281E224A90E0000C196D6 /* ExampleViewModel.m in Sources */ = {isa = PBXBuildFile; fileRef = 368281E124A90E0000C196D6 /* ExampleViewModel.m */; };
		368B149324A6A400001E8D8C /* Tests.swift in Sources */ = {isa = PBXBuildFile; fileRef = 36DF030E24A6A22A00C58759 /* Tests.swift */; };
		369E57A22496C10900253C90 /* BIASystemKit.h in Headers */ = {isa = PBXBuildFile; fileRef = 369E57A02496C10900253C90 /* BIASystemKit.h */; settings = {ATTRIBUTES = (Public, ); }; };
		369E57AF2496C11B00253C90 /* AppDelegate.swift in Sources */ = {isa = PBXBuildFile; fileRef = 369E57AE2496C11B00253C90 /* AppDelegate.swift */; };
		369E57B32496C11B00253C90 /* ExampleViewController.swift in Sources */ = {isa = PBXBuildFile; fileRef = 369E57B22496C11B00253C90 /* ExampleViewController.swift */; };
		369E57B82496C11E00253C90 /* Assets.xcassets in Resources */ = {isa = PBXBuildFile; fileRef = 369E57B72496C11E00253C90 /* Assets.xcassets */; };
		369E57BB2496C11E00253C90 /* LaunchScreen.storyboard in Resources */ = {isa = PBXBuildFile; fileRef = 369E57B92496C11E00253C90 /* LaunchScreen.storyboard */; };
		369E57C82496C34E00253C90 /* ExampleViewModel.swift in Sources */ = {isa = PBXBuildFile; fileRef = 369E57C72496C34E00253C90 /* ExampleViewModel.swift */; };
		36A02A652496CE2A00DBDEB6 /* BIASystemKit.framework in Frameworks */ = {isa = PBXBuildFile; fileRef = 369E579D2496C10900253C90 /* BIASystemKit.framework */; platformFilter = ios; };
		36A02A6C2496CF0800DBDEB6 /* DeviceHelper.swift in Sources */ = {isa = PBXBuildFile; fileRef = 36A02A6B2496CF0800DBDEB6 /* DeviceHelper.swift */; };
		36A2457224A6A58C00203EC8 /* BIASystemKit.framework in Frameworks */ = {isa = PBXBuildFile; fileRef = 369E579D2496C10900253C90 /* BIASystemKit.framework */; };
		36A2457324A6A58C00203EC8 /* BIASystemKit.framework in Embed Frameworks */ = {isa = PBXBuildFile; fileRef = 369E579D2496C10900253C90 /* BIASystemKit.framework */; settings = {ATTRIBUTES = (CodeSignOnCopy, RemoveHeadersOnCopy, ); }; };
		36A9848D24AAA47100286D4E /* SecureHelper.swift in Sources */ = {isa = PBXBuildFile; fileRef = 36A9848C24AAA47100286D4E /* SecureHelper.swift */; };
		36A9848F24AAA70A00286D4E /* ProcessorHelper.swift in Sources */ = {isa = PBXBuildFile; fileRef = 36A9848E24AAA70A00286D4E /* ProcessorHelper.swift */; };
		36A9849224AAB38000286D4E /* SystemInfo.swift in Sources */ = {isa = PBXBuildFile; fileRef = 36A9849124AAB38000286D4E /* SystemInfo.swift */; };
		36FA0DA22496EF6E007268F7 /* device-map-ipad.json in Resources */ = {isa = PBXBuildFile; fileRef = 36FA0D9D2496EF6E007268F7 /* device-map-ipad.json */; };
		36FA0DA32496EF6E007268F7 /* device-map-ipod.json in Resources */ = {isa = PBXBuildFile; fileRef = 36FA0D9E2496EF6E007268F7 /* device-map-ipod.json */; };
		36FA0DA42496EF6E007268F7 /* device-map-iphone.json in Resources */ = {isa = PBXBuildFile; fileRef = 36FA0D9F2496EF6E007268F7 /* device-map-iphone.json */; };
		36FA0DA52496EF6E007268F7 /* device-map-iwatch.json in Resources */ = {isa = PBXBuildFile; fileRef = 36FA0DA02496EF6E007268F7 /* device-map-iwatch.json */; };
		36FA0DA62496EF6E007268F7 /* device-map-simulator.json in Resources */ = {isa = PBXBuildFile; fileRef = 36FA0DA12496EF6E007268F7 /* device-map-simulator.json */; };
/* End PBXBuildFile section */

/* Begin PBXContainerItemProxy section */
		368281DD24A90D8300C196D6 /* PBXContainerItemProxy */ = {
			isa = PBXContainerItemProxy;
			containerPortal = 369E57942496C10900253C90 /* Project object */;
			proxyType = 1;
			remoteGlobalIDString = 369E579C2496C10900253C90;
			remoteInfo = BIASystemKit;
		};
		36A02A662496CE2A00DBDEB6 /* PBXContainerItemProxy */ = {
			isa = PBXContainerItemProxy;
			containerPortal = 369E57942496C10900253C90 /* Project object */;
			proxyType = 1;
			remoteGlobalIDString = 369E579C2496C10900253C90;
			remoteInfo = BIASystemKit;
		};
		36A2457424A6A58C00203EC8 /* PBXContainerItemProxy */ = {
			isa = PBXContainerItemProxy;
			containerPortal = 369E57942496C10900253C90 /* Project object */;
			proxyType = 1;
			remoteGlobalIDString = 369E579C2496C10900253C90;
			remoteInfo = BIASystemKit;
		};
/* End PBXContainerItemProxy section */

/* Begin PBXCopyFilesBuildPhase section */
		368281DF24A90D8300C196D6 /* Embed Frameworks */ = {
			isa = PBXCopyFilesBuildPhase;
			buildActionMask = 2147483647;
			dstPath = "";
			dstSubfolderSpec = 10;
			files = (
				368281DC24A90D8300C196D6 /* BIASystemKit.framework in Embed Frameworks */,
			);
			name = "Embed Frameworks";
			runOnlyForDeploymentPostprocessing = 0;
		};
		36A02A4F2496CABB00DBDEB6 /* Embed Frameworks */ = {
			isa = PBXCopyFilesBuildPhase;
			buildActionMask = 2147483647;
			dstPath = "";
			dstSubfolderSpec = 10;
			files = (
				36A2457324A6A58C00203EC8 /* BIASystemKit.framework in Embed Frameworks */,
			);
			name = "Embed Frameworks";
			runOnlyForDeploymentPostprocessing = 0;
		};
/* End PBXCopyFilesBuildPhase section */

/* Begin PBXFileReference section */
		3604F3012496E1D1005276A7 /* .gitignore */ = {isa = PBXFileReference; lastKnownFileType = text; path = .gitignore; sourceTree = SOURCE_ROOT; };
		3610DED624ABF11B00A0359D /* SystemHelper.swift */ = {isa = PBXFileReference; lastKnownFileType = sourcecode.swift; path = SystemHelper.swift; sourceTree = "<group>"; };
		362BE4972496E26B00C7CDDD /* .swiftlint.yml */ = {isa = PBXFileReference; lastKnownFileType = text.yaml; path = .swiftlint.yml; sourceTree = SOURCE_ROOT; };
		3661A8AC2496C43E00E08AAA /* UIDevice.swift */ = {isa = PBXFileReference; lastKnownFileType = sourcecode.swift; path = UIDevice.swift; sourceTree = "<group>"; };
		368281C224A90D4100C196D6 /* Example ObjC.app */ = {isa = PBXFileReference; explicitFileType = wrapper.application; includeInIndex = 0; path = "Example ObjC.app"; sourceTree = BUILT_PRODUCTS_DIR; };
		368281C424A90D4200C196D6 /* AppDelegate.h */ = {isa = PBXFileReference; lastKnownFileType = sourcecode.c.h; path = AppDelegate.h; sourceTree = "<group>"; };
		368281C524A90D4200C196D6 /* AppDelegate.m */ = {isa = PBXFileReference; lastKnownFileType = sourcecode.c.objc; path = AppDelegate.m; sourceTree = "<group>"; };
		368281CA24A90D4200C196D6 /* ExampleViewController.h */ = {isa = PBXFileReference; lastKnownFileType = sourcecode.c.h; path = ExampleViewController.h; sourceTree = "<group>"; };
		368281CB24A90D4200C196D6 /* ExampleViewController.m */ = {isa = PBXFileReference; lastKnownFileType = sourcecode.c.objc; path = ExampleViewController.m; sourceTree = "<group>"; };
		368281D024A90D4200C196D6 /* Assets.xcassets */ = {isa = PBXFileReference; lastKnownFileType = folder.assetcatalog; path = Assets.xcassets; sourceTree = "<group>"; };
		368281D324A90D4200C196D6 /* Base */ = {isa = PBXFileReference; lastKnownFileType = file.storyboard; name = Base; path = Base.lproj/LaunchScreen.storyboard; sourceTree = "<group>"; };
		368281D624A90D4200C196D6 /* main.m */ = {isa = PBXFileReference; lastKnownFileType = sourcecode.c.objc; path = main.m; sourceTree = "<group>"; };
		368281E024A90E0000C196D6 /* ExampleViewModel.h */ = {isa = PBXFileReference; lastKnownFileType = sourcecode.c.h; path = ExampleViewModel.h; sourceTree = "<group>"; };
		368281E124A90E0000C196D6 /* ExampleViewModel.m */ = {isa = PBXFileReference; lastKnownFileType = sourcecode.c.objc; path = ExampleViewModel.m; sourceTree = "<group>"; };
		36992DBA2496E29B002CFC19 /* BIASystemKit.podspec */ = {isa = PBXFileReference; lastKnownFileType = text; path = BIASystemKit.podspec; sourceTree = SOURCE_ROOT; xcLanguageSpecificationIdentifier = xcode.lang.ruby; };
		36992DBB2496E304002CFC19 /* LICENCE */ = {isa = PBXFileReference; lastKnownFileType = text; path = LICENCE; sourceTree = SOURCE_ROOT; };
		369E579D2496C10900253C90 /* BIASystemKit.framework */ = {isa = PBXFileReference; explicitFileType = wrapper.framework; includeInIndex = 0; path = BIASystemKit.framework; sourceTree = BUILT_PRODUCTS_DIR; };
		369E57A02496C10900253C90 /* BIASystemKit.h */ = {isa = PBXFileReference; lastKnownFileType = sourcecode.c.h; path = BIASystemKit.h; sourceTree = "<group>"; };
		369E57AC2496C11B00253C90 /* Example Swift.app */ = {isa = PBXFileReference; explicitFileType = wrapper.application; includeInIndex = 0; path = "Example Swift.app"; sourceTree = BUILT_PRODUCTS_DIR; };
		369E57AE2496C11B00253C90 /* AppDelegate.swift */ = {isa = PBXFileReference; lastKnownFileType = sourcecode.swift; path = AppDelegate.swift; sourceTree = "<group>"; };
		369E57B22496C11B00253C90 /* ExampleViewController.swift */ = {isa = PBXFileReference; lastKnownFileType = sourcecode.swift; path = ExampleViewController.swift; sourceTree = "<group>"; };
		369E57B72496C11E00253C90 /* Assets.xcassets */ = {isa = PBXFileReference; lastKnownFileType = folder.assetcatalog; path = Assets.xcassets; sourceTree = "<group>"; };
		369E57BA2496C11E00253C90 /* Base */ = {isa = PBXFileReference; lastKnownFileType = file.storyboard; name = Base; path = Base.lproj/LaunchScreen.storyboard; sourceTree = "<group>"; };
		369E57C32496C21000253C90 /* Project-Debug.xcconfig */ = {isa = PBXFileReference; lastKnownFileType = text.xcconfig; path = "Project-Debug.xcconfig"; sourceTree = "<group>"; };
		369E57C42496C22A00253C90 /* Project-Release.xcconfig */ = {isa = PBXFileReference; lastKnownFileType = text.xcconfig; path = "Project-Release.xcconfig"; sourceTree = "<group>"; };
		369E57C72496C34E00253C90 /* ExampleViewModel.swift */ = {isa = PBXFileReference; lastKnownFileType = sourcecode.swift; path = ExampleViewModel.swift; sourceTree = "<group>"; };
		36A02A602496CE2A00DBDEB6 /* BIASystemKitTests.xctest */ = {isa = PBXFileReference; explicitFileType = wrapper.cfbundle; includeInIndex = 0; path = BIASystemKitTests.xctest; sourceTree = BUILT_PRODUCTS_DIR; };
		36A02A6B2496CF0800DBDEB6 /* DeviceHelper.swift */ = {isa = PBXFileReference; lastKnownFileType = sourcecode.swift; path = DeviceHelper.swift; sourceTree = "<group>"; };
		36A9848C24AAA47100286D4E /* SecureHelper.swift */ = {isa = PBXFileReference; lastKnownFileType = sourcecode.swift; path = SecureHelper.swift; sourceTree = "<group>"; };
		36A9848E24AAA70A00286D4E /* ProcessorHelper.swift */ = {isa = PBXFileReference; lastKnownFileType = sourcecode.swift; path = ProcessorHelper.swift; sourceTree = "<group>"; };
		36A9849124AAB38000286D4E /* SystemInfo.swift */ = {isa = PBXFileReference; lastKnownFileType = sourcecode.swift; path = SystemInfo.swift; sourceTree = "<group>"; };
		36DF030E24A6A22A00C58759 /* Tests.swift */ = {isa = PBXFileReference; fileEncoding = 4; lastKnownFileType = sourcecode.swift; path = Tests.swift; sourceTree = "<group>"; };
		36DF031224A6A24400C58759 /* Package.swift */ = {isa = PBXFileReference; lastKnownFileType = sourcecode.swift; path = Package.swift; sourceTree = "<group>"; };
		36E2083424B9278D0046F7E3 /* Fastfile */ = {isa = PBXFileReference; lastKnownFileType = text; name = Fastfile; path = fastlane/Fastfile; sourceTree = SOURCE_ROOT; xcLanguageSpecificationIdentifier = xcode.lang.ruby; };
		36FA0D9D2496EF6E007268F7 /* device-map-ipad.json */ = {isa = PBXFileReference; fileEncoding = 4; lastKnownFileType = text.json; path = "device-map-ipad.json"; sourceTree = "<group>"; };
		36FA0D9E2496EF6E007268F7 /* device-map-ipod.json */ = {isa = PBXFileReference; fileEncoding = 4; lastKnownFileType = text.json; path = "device-map-ipod.json"; sourceTree = "<group>"; };
		36FA0D9F2496EF6E007268F7 /* device-map-iphone.json */ = {isa = PBXFileReference; fileEncoding = 4; lastKnownFileType = text.json; path = "device-map-iphone.json"; sourceTree = "<group>"; };
		36FA0DA02496EF6E007268F7 /* device-map-iwatch.json */ = {isa = PBXFileReference; fileEncoding = 4; lastKnownFileType = text.json; path = "device-map-iwatch.json"; sourceTree = "<group>"; };
		36FA0DA12496EF6E007268F7 /* device-map-simulator.json */ = {isa = PBXFileReference; fileEncoding = 4; lastKnownFileType = text.json; path = "device-map-simulator.json"; sourceTree = "<group>"; };
/* End PBXFileReference section */

/* Begin PBXFrameworksBuildPhase section */
		368281BF24A90D4100C196D6 /* Frameworks */ = {
			isa = PBXFrameworksBuildPhase;
			buildActionMask = 2147483647;
			files = (
				368281DB24A90D8300C196D6 /* BIASystemKit.framework in Frameworks */,
			);
			runOnlyForDeploymentPostprocessing = 0;
		};
		369E579A2496C10900253C90 /* Frameworks */ = {
			isa = PBXFrameworksBuildPhase;
			buildActionMask = 2147483647;
			files = (
			);
			runOnlyForDeploymentPostprocessing = 0;
		};
		369E57A92496C11B00253C90 /* Frameworks */ = {
			isa = PBXFrameworksBuildPhase;
			buildActionMask = 2147483647;
			files = (
				36A2457224A6A58C00203EC8 /* BIASystemKit.framework in Frameworks */,
			);
			runOnlyForDeploymentPostprocessing = 0;
		};
		36A02A5D2496CE2A00DBDEB6 /* Frameworks */ = {
			isa = PBXFrameworksBuildPhase;
			buildActionMask = 2147483647;
			files = (
				36A02A652496CE2A00DBDEB6 /* BIASystemKit.framework in Frameworks */,
			);
			runOnlyForDeploymentPostprocessing = 0;
		};
/* End PBXFrameworksBuildPhase section */

/* Begin PBXGroup section */
		3604F3002496E1C1005276A7 /* Maintenance */ = {
			isa = PBXGroup;
			children = (
				36E2083424B9278D0046F7E3 /* Fastfile */,
				3604F3012496E1D1005276A7 /* .gitignore */,
				36992DBA2496E29B002CFC19 /* BIASystemKit.podspec */,
				36992DBB2496E304002CFC19 /* LICENCE */,
				362BE4972496E26B00C7CDDD /* .swiftlint.yml */,
			);
			path = Maintenance;
			sourceTree = "<group>";
		};
		368281A524A90CBE00C196D6 /* Swift */ = {
			isa = PBXGroup;
			children = (
				369E57AE2496C11B00253C90 /* AppDelegate.swift */,
				369E57C72496C34E00253C90 /* ExampleViewModel.swift */,
				369E57B22496C11B00253C90 /* ExampleViewController.swift */,
				369E57B72496C11E00253C90 /* Assets.xcassets */,
				369E57B92496C11E00253C90 /* LaunchScreen.storyboard */,
			);
			path = Swift;
			sourceTree = "<group>";
		};
		368281C324A90D4200C196D6 /* ObjC */ = {
			isa = PBXGroup;
			children = (
				368281D624A90D4200C196D6 /* main.m */,
				368281C424A90D4200C196D6 /* AppDelegate.h */,
				368281C524A90D4200C196D6 /* AppDelegate.m */,
				368281E024A90E0000C196D6 /* ExampleViewModel.h */,
				368281E124A90E0000C196D6 /* ExampleViewModel.m */,
				368281CA24A90D4200C196D6 /* ExampleViewController.h */,
				368281CB24A90D4200C196D6 /* ExampleViewController.m */,
				368281D024A90D4200C196D6 /* Assets.xcassets */,
				368281D224A90D4200C196D6 /* LaunchScreen.storyboard */,
			);
			path = ObjC;
			sourceTree = "<group>";
		};
		369E57932496C10900253C90 = {
			isa = PBXGroup;
			children = (
				36DF031224A6A24400C58759 /* Package.swift */,
				369E57C02496C1BC00253C90 /* Configuration */,
				369E57AD2496C11B00253C90 /* Example */,
				369E579F2496C10900253C90 /* BIASystemKit */,
				36A02A612496CE2A00DBDEB6 /* Tests */,
				369E579E2496C10900253C90 /* Products */,
				36A02A4A2496CABB00DBDEB6 /* Frameworks */,
			);
			sourceTree = "<group>";
		};
		369E579E2496C10900253C90 /* Products */ = {
			isa = PBXGroup;
			children = (
				369E579D2496C10900253C90 /* BIASystemKit.framework */,
				369E57AC2496C11B00253C90 /* Example Swift.app */,
				36A02A602496CE2A00DBDEB6 /* BIASystemKitTests.xctest */,
				368281C224A90D4100C196D6 /* Example ObjC.app */,
			);
			name = Products;
			sourceTree = "<group>";
		};
		369E579F2496C10900253C90 /* BIASystemKit */ = {
			isa = PBXGroup;
			children = (
				369E57A02496C10900253C90 /* BIASystemKit.h */,
				36A02A502496CAF200DBDEB6 /* UIDevice */,
			);
			path = BIASystemKit;
			sourceTree = "<group>";
		};
		369E57AD2496C11B00253C90 /* Example */ = {
			isa = PBXGroup;
			children = (
				368281C324A90D4200C196D6 /* ObjC */,
				368281A524A90CBE00C196D6 /* Swift */,
			);
			path = Example;
			sourceTree = "<group>";
		};
		369E57C02496C1BC00253C90 /* Configuration */ = {
			isa = PBXGroup;
			children = (
				3604F3002496E1C1005276A7 /* Maintenance */,
				369E57C12496C1D300253C90 /* Project Config */,
			);
			path = Configuration;
			sourceTree = "<group>";
		};
		369E57C12496C1D300253C90 /* Project Config */ = {
			isa = PBXGroup;
			children = (
				369E57C32496C21000253C90 /* Project-Debug.xcconfig */,
				369E57C42496C22A00253C90 /* Project-Release.xcconfig */,
			);
			path = "Project Config";
			sourceTree = "<group>";
		};
		36A02A4A2496CABB00DBDEB6 /* Frameworks */ = {
			isa = PBXGroup;
			children = (
			);
			name = Frameworks;
			sourceTree = "<group>";
		};
		36A02A502496CAF200DBDEB6 /* UIDevice */ = {
			isa = PBXGroup;
			children = (
				36A9849124AAB38000286D4E /* SystemInfo.swift */,
				3661A8AC2496C43E00E08AAA /* UIDevice.swift */,
				36A9849024AAB25700286D4E /* Helper */,
				36A02A552496CC3300DBDEB6 /* Ressources */,
			);
			path = UIDevice;
			sourceTree = "<group>";
		};
		36A02A552496CC3300DBDEB6 /* Ressources */ = {
			isa = PBXGroup;
			children = (
				36FA0D9D2496EF6E007268F7 /* device-map-ipad.json */,
				36FA0D9F2496EF6E007268F7 /* device-map-iphone.json */,
				36FA0D9E2496EF6E007268F7 /* device-map-ipod.json */,
				36FA0DA02496EF6E007268F7 /* device-map-iwatch.json */,
				36FA0DA12496EF6E007268F7 /* device-map-simulator.json */,
			);
			path = Ressources;
			sourceTree = "<group>";
		};
		36A02A612496CE2A00DBDEB6 /* Tests */ = {
			isa = PBXGroup;
			children = (
				36DF030D24A6A22A00C58759 /* BIASystemKitTests */,
			);
			path = Tests;
			sourceTree = "<group>";
		};
		36A9849024AAB25700286D4E /* Helper */ = {
			isa = PBXGroup;
			children = (
				36A02A6B2496CF0800DBDEB6 /* DeviceHelper.swift */,
				36A9848E24AAA70A00286D4E /* ProcessorHelper.swift */,
				36A9848C24AAA47100286D4E /* SecureHelper.swift */,
				3610DED624ABF11B00A0359D /* SystemHelper.swift */,
			);
			path = Helper;
			sourceTree = "<group>";
		};
		36DF030D24A6A22A00C58759 /* BIASystemKitTests */ = {
			isa = PBXGroup;
			children = (
				36DF030E24A6A22A00C58759 /* Tests.swift */,
			);
			name = BIASystemKitTests;
			path = Tests/BIASystemKitTests;
			sourceTree = SOURCE_ROOT;
		};
/* End PBXGroup section */

/* Begin PBXHeadersBuildPhase section */
		369E57982496C10900253C90 /* Headers */ = {
			isa = PBXHeadersBuildPhase;
			buildActionMask = 2147483647;
			files = (
				369E57A22496C10900253C90 /* BIASystemKit.h in Headers */,
			);
			runOnlyForDeploymentPostprocessing = 0;
		};
/* End PBXHeadersBuildPhase section */

/* Begin PBXNativeTarget section */
		368281C124A90D4100C196D6 /* Example ObjC */ = {
			isa = PBXNativeTarget;
			buildConfigurationList = 368281D824A90D4200C196D6 /* Build configuration list for PBXNativeTarget "Example ObjC" */;
			buildPhases = (
				368281BE24A90D4100C196D6 /* Sources */,
				368281BF24A90D4100C196D6 /* Frameworks */,
				368281C024A90D4100C196D6 /* Resources */,
				368281DF24A90D8300C196D6 /* Embed Frameworks */,
				3610F8F124A92CCF0037916A /* ShellScript */,
			);
			buildRules = (
			);
			dependencies = (
				368281DE24A90D8300C196D6 /* PBXTargetDependency */,
			);
			name = "Example ObjC";
			productName = "Example ObjC";
			productReference = 368281C224A90D4100C196D6 /* Example ObjC.app */;
			productType = "com.apple.product-type.application";
		};
		369E579C2496C10900253C90 /* BIASystemKit */ = {
			isa = PBXNativeTarget;
			buildConfigurationList = 369E57A52496C10900253C90 /* Build configuration list for PBXNativeTarget "BIASystemKit" */;
			buildPhases = (
				369E57982496C10900253C90 /* Headers */,
				369E57992496C10900253C90 /* Sources */,
				369E579A2496C10900253C90 /* Frameworks */,
				369E579B2496C10900253C90 /* Resources */,
			);
			buildRules = (
			);
			dependencies = (
			);
			name = BIASystemKit;
			productName = BIASystemKit;
			productReference = 369E579D2496C10900253C90 /* BIASystemKit.framework */;
			productType = "com.apple.product-type.framework";
		};
		369E57AB2496C11B00253C90 /* Example Swift */ = {
			isa = PBXNativeTarget;
			buildConfigurationList = 369E57BD2496C11E00253C90 /* Build configuration list for PBXNativeTarget "Example Swift" */;
			buildPhases = (
				369E57A82496C11B00253C90 /* Sources */,
				369E57A92496C11B00253C90 /* Frameworks */,
				369E57AA2496C11B00253C90 /* Resources */,
				36A02A4F2496CABB00DBDEB6 /* Embed Frameworks */,
				36992DBD2496E436002CFC19 /* ShellScript */,
			);
			buildRules = (
			);
			dependencies = (
				36A2457524A6A58C00203EC8 /* PBXTargetDependency */,
			);
			name = "Example Swift";
			productName = Example;
			productReference = 369E57AC2496C11B00253C90 /* Example Swift.app */;
			productType = "com.apple.product-type.application";
		};
		36A02A5F2496CE2A00DBDEB6 /* BIASystemKitTests */ = {
			isa = PBXNativeTarget;
			buildConfigurationList = 36A02A682496CE2A00DBDEB6 /* Build configuration list for PBXNativeTarget "BIASystemKitTests" */;
			buildPhases = (
				36A02A5C2496CE2A00DBDEB6 /* Sources */,
				36A02A5D2496CE2A00DBDEB6 /* Frameworks */,
				36A02A5E2496CE2A00DBDEB6 /* Resources */,
			);
			buildRules = (
			);
			dependencies = (
				36A02A672496CE2A00DBDEB6 /* PBXTargetDependency */,
			);
			name = BIASystemKitTests;
			productName = Tests;
			productReference = 36A02A602496CE2A00DBDEB6 /* BIASystemKitTests.xctest */;
			productType = "com.apple.product-type.bundle.unit-test";
		};
/* End PBXNativeTarget section */

/* Begin PBXProject section */
		369E57942496C10900253C90 /* Project object */ = {
			isa = PBXProject;
			attributes = {
				LastSwiftUpdateCheck = 1150;
				LastUpgradeCheck = 1150;
				ORGANIZATIONNAME = "Best-iOS-Apps";
				TargetAttributes = {
					368281C124A90D4100C196D6 = {
						CreatedOnToolsVersion = 11.5;
					};
					369E579C2496C10900253C90 = {
						CreatedOnToolsVersion = 11.5;
						LastSwiftMigration = 1150;
					};
					369E57AB2496C11B00253C90 = {
						CreatedOnToolsVersion = 11.5;
					};
					36A02A5F2496CE2A00DBDEB6 = {
						CreatedOnToolsVersion = 11.5;
					};
				};
			};
			buildConfigurationList = 369E57972496C10900253C90 /* Build configuration list for PBXProject "BIASystemKit" */;
			compatibilityVersion = "Xcode 9.3";
			developmentRegion = en;
			hasScannedForEncodings = 0;
			knownRegions = (
				en,
				Base,
			);
			mainGroup = 369E57932496C10900253C90;
			productRefGroup = 369E579E2496C10900253C90 /* Products */;
			projectDirPath = "";
			projectRoot = "";
			targets = (
				369E57AB2496C11B00253C90 /* Example Swift */,
				368281C124A90D4100C196D6 /* Example ObjC */,
				369E579C2496C10900253C90 /* BIASystemKit */,
				36A02A5F2496CE2A00DBDEB6 /* BIASystemKitTests */,
			);
		};
/* End PBXProject section */

/* Begin PBXResourcesBuildPhase section */
		368281C024A90D4100C196D6 /* Resources */ = {
			isa = PBXResourcesBuildPhase;
			buildActionMask = 2147483647;
			files = (
				368281D424A90D4200C196D6 /* LaunchScreen.storyboard in Resources */,
				368281D124A90D4200C196D6 /* Assets.xcassets in Resources */,
			);
			runOnlyForDeploymentPostprocessing = 0;
		};
		369E579B2496C10900253C90 /* Resources */ = {
			isa = PBXResourcesBuildPhase;
			buildActionMask = 2147483647;
			files = (
				36FA0DA32496EF6E007268F7 /* device-map-ipod.json in Resources */,
				36FA0DA22496EF6E007268F7 /* device-map-ipad.json in Resources */,
				36FA0DA52496EF6E007268F7 /* device-map-iwatch.json in Resources */,
				36FA0DA42496EF6E007268F7 /* device-map-iphone.json in Resources */,
				36FA0DA62496EF6E007268F7 /* device-map-simulator.json in Resources */,
			);
			runOnlyForDeploymentPostprocessing = 0;
		};
		369E57AA2496C11B00253C90 /* Resources */ = {
			isa = PBXResourcesBuildPhase;
			buildActionMask = 2147483647;
			files = (
				369E57BB2496C11E00253C90 /* LaunchScreen.storyboard in Resources */,
				369E57B82496C11E00253C90 /* Assets.xcassets in Resources */,
			);
			runOnlyForDeploymentPostprocessing = 0;
		};
		36A02A5E2496CE2A00DBDEB6 /* Resources */ = {
			isa = PBXResourcesBuildPhase;
			buildActionMask = 2147483647;
			files = (
			);
			runOnlyForDeploymentPostprocessing = 0;
		};
/* End PBXResourcesBuildPhase section */

/* Begin PBXShellScriptBuildPhase section */
		3610F8F124A92CCF0037916A /* ShellScript */ = {
			isa = PBXShellScriptBuildPhase;
			buildActionMask = 2147483647;
			files = (
			);
			inputFileListPaths = (
			);
			inputPaths = (
			);
			outputFileListPaths = (
			);
			outputPaths = (
			);
			runOnlyForDeploymentPostprocessing = 0;
			shellPath = /bin/sh;
			shellScript = "if which swiftlint >/dev/null; then\n  swiftlint autocorrect --format\n  swiftlint\nelse\n  echo \"warning: SwiftLint not installed, download from https://github.com/realm/SwiftLint\"\nfi\n";
		};
		36992DBD2496E436002CFC19 /* ShellScript */ = {
			isa = PBXShellScriptBuildPhase;
			buildActionMask = 2147483647;
			files = (
			);
			inputFileListPaths = (
			);
			inputPaths = (
			);
			outputFileListPaths = (
			);
			outputPaths = (
			);
			runOnlyForDeploymentPostprocessing = 0;
			shellPath = /bin/sh;
			shellScript = "if which swiftlint >/dev/null; then\n  swiftlint autocorrect --format\n  swiftlint\nelse\n  echo \"warning: SwiftLint not installed, download from https://github.com/realm/SwiftLint\"\nfi\n";
		};
/* End PBXShellScriptBuildPhase section */

/* Begin PBXSourcesBuildPhase section */
		368281BE24A90D4100C196D6 /* Sources */ = {
			isa = PBXSourcesBuildPhase;
			buildActionMask = 2147483647;
			files = (
				368281CC24A90D4200C196D6 /* ExampleViewController.m in Sources */,
				368281E224A90E0000C196D6 /* ExampleViewModel.m in Sources */,
				368281C624A90D4200C196D6 /* AppDelegate.m in Sources */,
				368281D724A90D4200C196D6 /* main.m in Sources */,
			);
			runOnlyForDeploymentPostprocessing = 0;
		};
		369E57992496C10900253C90 /* Sources */ = {
			isa = PBXSourcesBuildPhase;
			buildActionMask = 2147483647;
			files = (
				36A9848F24AAA70A00286D4E /* ProcessorHelper.swift in Sources */,
				3661A8AD2496C43E00E08AAA /* UIDevice.swift in Sources */,
				3610DED724ABF11B00A0359D /* SystemHelper.swift in Sources */,
				36A9848D24AAA47100286D4E /* SecureHelper.swift in Sources */,
				36A9849224AAB38000286D4E /* SystemInfo.swift in Sources */,
				36A02A6C2496CF0800DBDEB6 /* DeviceHelper.swift in Sources */,
			);
			runOnlyForDeploymentPostprocessing = 0;
		};
		369E57A82496C11B00253C90 /* Sources */ = {
			isa = PBXSourcesBuildPhase;
			buildActionMask = 2147483647;
			files = (
				369E57B32496C11B00253C90 /* ExampleViewController.swift in Sources */,
				369E57C82496C34E00253C90 /* ExampleViewModel.swift in Sources */,
				369E57AF2496C11B00253C90 /* AppDelegate.swift in Sources */,
			);
			runOnlyForDeploymentPostprocessing = 0;
		};
		36A02A5C2496CE2A00DBDEB6 /* Sources */ = {
			isa = PBXSourcesBuildPhase;
			buildActionMask = 2147483647;
			files = (
				368B149324A6A400001E8D8C /* Tests.swift in Sources */,
			);
			runOnlyForDeploymentPostprocessing = 0;
		};
/* End PBXSourcesBuildPhase section */

/* Begin PBXTargetDependency section */
		368281DE24A90D8300C196D6 /* PBXTargetDependency */ = {
			isa = PBXTargetDependency;
			target = 369E579C2496C10900253C90 /* BIASystemKit */;
			targetProxy = 368281DD24A90D8300C196D6 /* PBXContainerItemProxy */;
		};
		36A02A672496CE2A00DBDEB6 /* PBXTargetDependency */ = {
			isa = PBXTargetDependency;
			platformFilter = ios;
			target = 369E579C2496C10900253C90 /* BIASystemKit */;
			targetProxy = 36A02A662496CE2A00DBDEB6 /* PBXContainerItemProxy */;
		};
		36A2457524A6A58C00203EC8 /* PBXTargetDependency */ = {
			isa = PBXTargetDependency;
			target = 369E579C2496C10900253C90 /* BIASystemKit */;
			targetProxy = 36A2457424A6A58C00203EC8 /* PBXContainerItemProxy */;
		};
/* End PBXTargetDependency section */

/* Begin PBXVariantGroup section */
		368281D224A90D4200C196D6 /* LaunchScreen.storyboard */ = {
			isa = PBXVariantGroup;
			children = (
				368281D324A90D4200C196D6 /* Base */,
			);
			name = LaunchScreen.storyboard;
			sourceTree = "<group>";
		};
		369E57B92496C11E00253C90 /* LaunchScreen.storyboard */ = {
			isa = PBXVariantGroup;
			children = (
				369E57BA2496C11E00253C90 /* Base */,
			);
			name = LaunchScreen.storyboard;
			sourceTree = "<group>";
		};
/* End PBXVariantGroup section */

/* Begin XCBuildConfiguration section */
		368281D924A90D4200C196D6 /* Debug */ = {
			isa = XCBuildConfiguration;
			buildSettings = {
				ALWAYS_EMBED_SWIFT_STANDARD_LIBRARIES = YES;
				ASSETCATALOG_COMPILER_APPICON_NAME = AppIcon;
				CODE_SIGN_STYLE = Automatic;
				DEVELOPMENT_TEAM = MPTU3DH5MH;
				INFOPLIST_FILE = BIASystemKit.xcodeproj/BIASystemKitExampleObjC_Info.plist;
				IPHONEOS_DEPLOYMENT_TARGET = 11.0;
				LD_RUNPATH_SEARCH_PATHS = (
					"$(inherited)",
					"@executable_path/Frameworks",
				);
				MARKETING_VERSION = 1.1;
				PRODUCT_BUNDLE_IDENTIFIER = "de.best-ios-apps.system-kit.example-objc";
				PRODUCT_NAME = "$(TARGET_NAME)";
				TARGETED_DEVICE_FAMILY = "1,2";
			};
			name = Debug;
		};
		368281DA24A90D4200C196D6 /* Release */ = {
			isa = XCBuildConfiguration;
			buildSettings = {
				ALWAYS_EMBED_SWIFT_STANDARD_LIBRARIES = YES;
				ASSETCATALOG_COMPILER_APPICON_NAME = AppIcon;
				CODE_SIGN_STYLE = Automatic;
				DEVELOPMENT_TEAM = MPTU3DH5MH;
				INFOPLIST_FILE = BIASystemKit.xcodeproj/BIASystemKitExampleObjC_Info.plist;
				IPHONEOS_DEPLOYMENT_TARGET = 11.0;
				LD_RUNPATH_SEARCH_PATHS = (
					"$(inherited)",
					"@executable_path/Frameworks",
				);
				MARKETING_VERSION = 1.1;
				PRODUCT_BUNDLE_IDENTIFIER = "de.best-ios-apps.system-kit.example-objc";
				PRODUCT_NAME = "$(TARGET_NAME)";
				TARGETED_DEVICE_FAMILY = "1,2";
			};
			name = Release;
		};
		369E57A32496C10900253C90 /* Debug */ = {
			isa = XCBuildConfiguration;
			buildSettings = {
				ALWAYS_SEARCH_USER_PATHS = NO;
				CLANG_ANALYZER_NONNULL = YES;
				CLANG_ANALYZER_NUMBER_OBJECT_CONVERSION = YES_AGGRESSIVE;
				CLANG_CXX_LANGUAGE_STANDARD = "gnu++14";
				CLANG_CXX_LIBRARY = "libc++";
				CLANG_ENABLE_MODULES = YES;
				CLANG_ENABLE_OBJC_ARC = YES;
				CLANG_ENABLE_OBJC_WEAK = YES;
				CLANG_WARN_BLOCK_CAPTURE_AUTORELEASING = YES;
				CLANG_WARN_BOOL_CONVERSION = YES;
				CLANG_WARN_COMMA = YES;
				CLANG_WARN_CONSTANT_CONVERSION = YES;
				CLANG_WARN_DEPRECATED_OBJC_IMPLEMENTATIONS = YES;
				CLANG_WARN_DIRECT_OBJC_ISA_USAGE = YES_ERROR;
				CLANG_WARN_DOCUMENTATION_COMMENTS = YES;
				CLANG_WARN_EMPTY_BODY = YES;
				CLANG_WARN_ENUM_CONVERSION = YES;
				CLANG_WARN_INFINITE_RECURSION = YES;
				CLANG_WARN_INT_CONVERSION = YES;
				CLANG_WARN_NON_LITERAL_NULL_CONVERSION = YES;
				CLANG_WARN_OBJC_IMPLICIT_RETAIN_SELF = YES;
				CLANG_WARN_OBJC_LITERAL_CONVERSION = YES;
				CLANG_WARN_OBJC_ROOT_CLASS = YES_ERROR;
				CLANG_WARN_RANGE_LOOP_ANALYSIS = YES;
				CLANG_WARN_STRICT_PROTOTYPES = YES;
				CLANG_WARN_SUSPICIOUS_MOVE = YES;
				CLANG_WARN_UNGUARDED_AVAILABILITY = YES_AGGRESSIVE;
				CLANG_WARN_UNREACHABLE_CODE = YES;
				CLANG_WARN__DUPLICATE_METHOD_MATCH = YES;
				COPY_PHASE_STRIP = NO;
				CURRENT_PROJECT_VERSION = 1;
				DEBUG_INFORMATION_FORMAT = dwarf;
				ENABLE_STRICT_OBJC_MSGSEND = YES;
				ENABLE_TESTABILITY = YES;
				GCC_C_LANGUAGE_STANDARD = gnu11;
				GCC_DYNAMIC_NO_PIC = NO;
				GCC_NO_COMMON_BLOCKS = YES;
				GCC_OPTIMIZATION_LEVEL = 0;
				GCC_PREPROCESSOR_DEFINITIONS = (
					"DEBUG=1",
					"$(inherited)",
				);
				GCC_WARN_64_TO_32_BIT_CONVERSION = YES;
				GCC_WARN_ABOUT_RETURN_TYPE = YES_ERROR;
				GCC_WARN_UNDECLARED_SELECTOR = YES;
				GCC_WARN_UNINITIALIZED_AUTOS = YES_AGGRESSIVE;
				GCC_WARN_UNUSED_FUNCTION = YES;
				GCC_WARN_UNUSED_VARIABLE = YES;
				IPHONEOS_DEPLOYMENT_TARGET = 11.0;
				MTL_ENABLE_DEBUG_INFO = INCLUDE_SOURCE;
				MTL_FAST_MATH = YES;
				ONLY_ACTIVE_ARCH = YES;
				SDKROOT = iphoneos;
				SWIFT_ACTIVE_COMPILATION_CONDITIONS = DEBUG;
				SWIFT_OPTIMIZATION_LEVEL = "-Onone";
				SWIFT_VERSION = 5.0;
				VERSIONING_SYSTEM = "apple-generic";
				VERSION_INFO_PREFIX = "";
			};
			name = Debug;
		};
		369E57A42496C10900253C90 /* Release */ = {
			isa = XCBuildConfiguration;
			buildSettings = {
				ALWAYS_SEARCH_USER_PATHS = NO;
				CLANG_ANALYZER_NONNULL = YES;
				CLANG_ANALYZER_NUMBER_OBJECT_CONVERSION = YES_AGGRESSIVE;
				CLANG_CXX_LANGUAGE_STANDARD = "gnu++14";
				CLANG_CXX_LIBRARY = "libc++";
				CLANG_ENABLE_MODULES = YES;
				CLANG_ENABLE_OBJC_ARC = YES;
				CLANG_ENABLE_OBJC_WEAK = YES;
				CLANG_WARN_BLOCK_CAPTURE_AUTORELEASING = YES;
				CLANG_WARN_BOOL_CONVERSION = YES;
				CLANG_WARN_COMMA = YES;
				CLANG_WARN_CONSTANT_CONVERSION = YES;
				CLANG_WARN_DEPRECATED_OBJC_IMPLEMENTATIONS = YES;
				CLANG_WARN_DIRECT_OBJC_ISA_USAGE = YES_ERROR;
				CLANG_WARN_DOCUMENTATION_COMMENTS = YES;
				CLANG_WARN_EMPTY_BODY = YES;
				CLANG_WARN_ENUM_CONVERSION = YES;
				CLANG_WARN_INFINITE_RECURSION = YES;
				CLANG_WARN_INT_CONVERSION = YES;
				CLANG_WARN_NON_LITERAL_NULL_CONVERSION = YES;
				CLANG_WARN_OBJC_IMPLICIT_RETAIN_SELF = YES;
				CLANG_WARN_OBJC_LITERAL_CONVERSION = YES;
				CLANG_WARN_OBJC_ROOT_CLASS = YES_ERROR;
				CLANG_WARN_RANGE_LOOP_ANALYSIS = YES;
				CLANG_WARN_STRICT_PROTOTYPES = YES;
				CLANG_WARN_SUSPICIOUS_MOVE = YES;
				CLANG_WARN_UNGUARDED_AVAILABILITY = YES_AGGRESSIVE;
				CLANG_WARN_UNREACHABLE_CODE = YES;
				CLANG_WARN__DUPLICATE_METHOD_MATCH = YES;
				COPY_PHASE_STRIP = NO;
				CURRENT_PROJECT_VERSION = 1;
				DEBUG_INFORMATION_FORMAT = "dwarf-with-dsym";
				ENABLE_NS_ASSERTIONS = NO;
				ENABLE_STRICT_OBJC_MSGSEND = YES;
				GCC_C_LANGUAGE_STANDARD = gnu11;
				GCC_NO_COMMON_BLOCKS = YES;
				GCC_WARN_64_TO_32_BIT_CONVERSION = YES;
				GCC_WARN_ABOUT_RETURN_TYPE = YES_ERROR;
				GCC_WARN_UNDECLARED_SELECTOR = YES;
				GCC_WARN_UNINITIALIZED_AUTOS = YES_AGGRESSIVE;
				GCC_WARN_UNUSED_FUNCTION = YES;
				GCC_WARN_UNUSED_VARIABLE = YES;
				IPHONEOS_DEPLOYMENT_TARGET = 11.0;
				MTL_ENABLE_DEBUG_INFO = NO;
				MTL_FAST_MATH = YES;
				SDKROOT = iphoneos;
				SWIFT_COMPILATION_MODE = wholemodule;
				SWIFT_OPTIMIZATION_LEVEL = "-O";
				SWIFT_VERSION = 5.0;
				VALIDATE_PRODUCT = YES;
				VERSIONING_SYSTEM = "apple-generic";
				VERSION_INFO_PREFIX = "";
			};
			name = Release;
		};
		369E57A62496C10900253C90 /* Debug */ = {
			isa = XCBuildConfiguration;
			buildSettings = {
				CLANG_ENABLE_MODULES = YES;
				CODE_SIGN_STYLE = Automatic;
				DEFINES_MODULE = YES;
				DEVELOPMENT_TEAM = MPTU3DH5MH;
				DYLIB_COMPATIBILITY_VERSION = 1;
				DYLIB_CURRENT_VERSION = 1;
				DYLIB_INSTALL_NAME_BASE = "@rpath";
				INFOPLIST_FILE = BIASystemKit.xcodeproj/BIASystemKit_Info.plist;
				INSTALL_PATH = "$(LOCAL_LIBRARY_DIR)/Frameworks";
				LD_RUNPATH_SEARCH_PATHS = (
					"$(inherited)",
					"@executable_path/Frameworks",
					"@loader_path/Frameworks",
				);
				MARKETING_VERSION = 1.1;
				PRODUCT_BUNDLE_IDENTIFIER = "de.best-ios-apps.system-kit";
				PRODUCT_NAME = "$(TARGET_NAME:c99extidentifier)";
				SKIP_INSTALL = YES;
				SUPPORTS_MACCATALYST = NO;
				SWIFT_OPTIMIZATION_LEVEL = "-Onone";
				SWIFT_VERSION = 5.0;
				TARGETED_DEVICE_FAMILY = "1,2";
			};
			name = Debug;
		};
		369E57A72496C10900253C90 /* Release */ = {
			isa = XCBuildConfiguration;
			buildSettings = {
				CLANG_ENABLE_MODULES = YES;
				CODE_SIGN_STYLE = Automatic;
				DEFINES_MODULE = YES;
				DEVELOPMENT_TEAM = MPTU3DH5MH;
				DYLIB_COMPATIBILITY_VERSION = 1;
				DYLIB_CURRENT_VERSION = 1;
				DYLIB_INSTALL_NAME_BASE = "@rpath";
				INFOPLIST_FILE = BIASystemKit.xcodeproj/BIASystemKit_Info.plist;
				INSTALL_PATH = "$(LOCAL_LIBRARY_DIR)/Frameworks";
				LD_RUNPATH_SEARCH_PATHS = (
					"$(inherited)",
					"@executable_path/Frameworks",
					"@loader_path/Frameworks",
				);
				MARKETING_VERSION = 1.1;
				PRODUCT_BUNDLE_IDENTIFIER = "de.best-ios-apps.system-kit";
				PRODUCT_NAME = "$(TARGET_NAME:c99extidentifier)";
				SKIP_INSTALL = YES;
				SUPPORTS_MACCATALYST = NO;
				SWIFT_VERSION = 5.0;
				TARGETED_DEVICE_FAMILY = "1,2";
			};
			name = Release;
		};
		369E57BE2496C11E00253C90 /* Debug */ = {
			isa = XCBuildConfiguration;
			buildSettings = {
				ASSETCATALOG_COMPILER_APPICON_NAME = AppIcon;
				CODE_SIGN_STYLE = Automatic;
				DEVELOPMENT_TEAM = MPTU3DH5MH;
				INFOPLIST_FILE = BIASystemKit.xcodeproj/BIASystemKitExampleSwift_Info.plist;
				LD_RUNPATH_SEARCH_PATHS = (
					"$(inherited)",
					"@executable_path/Frameworks",
				);
				MARKETING_VERSION = 1.1;
				PRODUCT_BUNDLE_IDENTIFIER = "de.best-ios-apps.system-kit.example-swift";
				PRODUCT_NAME = "$(TARGET_NAME)";
				SWIFT_VERSION = 5.0;
				TARGETED_DEVICE_FAMILY = "1,2";
			};
			name = Debug;
		};
		369E57BF2496C11E00253C90 /* Release */ = {
			isa = XCBuildConfiguration;
			buildSettings = {
				ASSETCATALOG_COMPILER_APPICON_NAME = AppIcon;
				CODE_SIGN_STYLE = Automatic;
				DEVELOPMENT_TEAM = MPTU3DH5MH;
				INFOPLIST_FILE = BIASystemKit.xcodeproj/BIASystemKitExampleSwift_Info.plist;
				LD_RUNPATH_SEARCH_PATHS = (
					"$(inherited)",
					"@executable_path/Frameworks",
				);
				MARKETING_VERSION = 1.1;
				PRODUCT_BUNDLE_IDENTIFIER = "de.best-ios-apps.system-kit.example-swift";
				PRODUCT_NAME = "$(TARGET_NAME)";
				SWIFT_VERSION = 5.0;
				TARGETED_DEVICE_FAMILY = "1,2";
			};
			name = Release;
		};
		36A02A692496CE2A00DBDEB6 /* Debug */ = {
			isa = XCBuildConfiguration;
			buildSettings = {
				CODE_SIGN_STYLE = Automatic;
				DEVELOPMENT_TEAM = MPTU3DH5MH;
				INFOPLIST_FILE = BIASystemKit.xcodeproj/BIASystemKitTests_Info.plist;
				LD_RUNPATH_SEARCH_PATHS = (
					"$(inherited)",
					"@executable_path/Frameworks",
					"@loader_path/Frameworks",
				);
				PRODUCT_BUNDLE_IDENTIFIER = "de.best-ios-apps.framework.Tests";
				PRODUCT_NAME = "$(TARGET_NAME)";
				SWIFT_VERSION = 5.0;
				TARGETED_DEVICE_FAMILY = "1,2";
			};
			name = Debug;
		};
		36A02A6A2496CE2A00DBDEB6 /* Release */ = {
			isa = XCBuildConfiguration;
			buildSettings = {
				CODE_SIGN_STYLE = Automatic;
				DEVELOPMENT_TEAM = MPTU3DH5MH;
				INFOPLIST_FILE = BIASystemKit.xcodeproj/BIASystemKitTests_Info.plist;
				LD_RUNPATH_SEARCH_PATHS = (
					"$(inherited)",
					"@executable_path/Frameworks",
					"@loader_path/Frameworks",
				);
				PRODUCT_BUNDLE_IDENTIFIER = "de.best-ios-apps.framework.Tests";
				PRODUCT_NAME = "$(TARGET_NAME)";
				SWIFT_VERSION = 5.0;
				TARGETED_DEVICE_FAMILY = "1,2";
			};
			name = Release;
		};
/* End XCBuildConfiguration section */

/* Begin XCConfigurationList section */
		368281D824A90D4200C196D6 /* Build configuration list for PBXNativeTarget "Example ObjC" */ = {
			isa = XCConfigurationList;
			buildConfigurations = (
				368281D924A90D4200C196D6 /* Debug */,
				368281DA24A90D4200C196D6 /* Release */,
			);
			defaultConfigurationIsVisible = 0;
			defaultConfigurationName = Release;
		};
		369E57972496C10900253C90 /* Build configuration list for PBXProject "BIASystemKit" */ = {
			isa = XCConfigurationList;
			buildConfigurations = (
				369E57A32496C10900253C90 /* Debug */,
				369E57A42496C10900253C90 /* Release */,
			);
			defaultConfigurationIsVisible = 0;
			defaultConfigurationName = Release;
		};
		369E57A52496C10900253C90 /* Build configuration list for PBXNativeTarget "BIASystemKit" */ = {
			isa = XCConfigurationList;
			buildConfigurations = (
				369E57A62496C10900253C90 /* Debug */,
				369E57A72496C10900253C90 /* Release */,
			);
			defaultConfigurationIsVisible = 0;
			defaultConfigurationName = Release;
		};
		369E57BD2496C11E00253C90 /* Build configuration list for PBXNativeTarget "Example Swift" */ = {
			isa = XCConfigurationList;
			buildConfigurations = (
				369E57BE2496C11E00253C90 /* Debug */,
				369E57BF2496C11E00253C90 /* Release */,
			);
			defaultConfigurationIsVisible = 0;
			defaultConfigurationName = Release;
		};
		36A02A682496CE2A00DBDEB6 /* Build configuration list for PBXNativeTarget "BIASystemKitTests" */ = {
			isa = XCConfigurationList;
			buildConfigurations = (
				36A02A692496CE2A00DBDEB6 /* Debug */,
				36A02A6A2496CE2A00DBDEB6 /* Release */,
			);
			defaultConfigurationIsVisible = 0;
			defaultConfigurationName = Release;
		};
/* End XCConfigurationList section */
	};
	rootObject = 369E57942496C10900253C90 /* Project object */;
}
