// !$*UTF8*$!
{
   archiveVersion = "1";
   objectVersion = "46";
   objects = {
      "BIASystemKit::BIASystemKit" = {
         isa = "PBXNativeTarget";
         buildConfigurationList = "OBJ_36";
         buildPhases = (
            "OBJ_39",
            "OBJ_46"
         );
         dependencies = (
         );
         name = "BIASystemKit";
         productName = "BIASystemKit";
         productReference = "BIASystemKit::BIASystemKit::Product";
         productType = "com.apple.product-type.framework";
      };
      "BIASystemKit::BIASystemKit::Product" = {
         isa = "PBXFileReference";
         path = "BIASystemKit.framework";
         sourceTree = "BUILT_PRODUCTS_DIR";
      };
      "BIASystemKit::BIASystemKitPackageTests::ProductTarget" = {
         isa = "PBXAggregateTarget";
         buildConfigurationList = "OBJ_54";
         buildPhases = (
         );
         dependencies = (
            "OBJ_57"
         );
         name = "BIASystemKitPackageTests";
         productName = "BIASystemKitPackageTests";
      };
      "BIASystemKit::BIASystemKitTests" = {
         isa = "PBXNativeTarget";
         buildConfigurationList = "OBJ_59";
         buildPhases = (
            "OBJ_62",
            "OBJ_64"
         );
         dependencies = (
            "OBJ_66"
         );
         name = "BIASystemKitTests";
         productName = "BIASystemKitTests";
         productReference = "BIASystemKit::BIASystemKitTests::Product";
         productType = "com.apple.product-type.bundle.unit-test";
      };
      "BIASystemKit::BIASystemKitTests::Product" = {
         isa = "PBXFileReference";
         path = "BIASystemKitTests.xctest";
         sourceTree = "BUILT_PRODUCTS_DIR";
      };
      "BIASystemKit::SwiftPMPackageDescription" = {
         isa = "PBXNativeTarget";
         buildConfigurationList = "OBJ_48";
         buildPhases = (
            "OBJ_51"
         );
         dependencies = (
         );
         name = "BIASystemKitPackageDescription";
         productName = "BIASystemKitPackageDescription";
         productType = "com.apple.product-type.framework";
      };
      "OBJ_1" = {
         isa = "PBXProject";
         attributes = {
            LastSwiftMigration = "9999";
            LastUpgradeCheck = "9999";
         };
         buildConfigurationList = "OBJ_2";
         compatibilityVersion = "Xcode 3.2";
         developmentRegion = "en";
         hasScannedForEncodings = "0";
         knownRegions = (
            "en"
         );
         mainGroup = "OBJ_5";
         productRefGroup = "OBJ_22";
         projectDirPath = ".";
         targets = (
            "BIASystemKit::BIASystemKit",
            "BIASystemKit::SwiftPMPackageDescription",
            "BIASystemKit::BIASystemKitPackageTests::ProductTarget",
            "BIASystemKit::BIASystemKitTests"
         );
      };
      "OBJ_10" = {
         isa = "PBXFileReference";
         path = "Device.swift";
         sourceTree = "<group>";
      };
      "OBJ_11" = {
         isa = "PBXFileReference";
         path = "DeviceHelper.swift";
         sourceTree = "<group>";
      };
      "OBJ_12" = {
         isa = "PBXGroup";
         children = (
            "OBJ_13"
         );
         name = "Processor";
         path = "Processor";
         sourceTree = "<group>";
      };
      "OBJ_13" = {
         isa = "PBXFileReference";
         path = "ProcessorHelper.swift";
         sourceTree = "<group>";
      };
      "OBJ_14" = {
         isa = "PBXGroup";
         children = (
            "OBJ_15"
         );
         name = "Secure";
         path = "Secure";
         sourceTree = "<group>";
      };
      "OBJ_15" = {
         isa = "PBXFileReference";
         path = "SecureHelper.swift";
         sourceTree = "<group>";
      };
      "OBJ_16" = {
         isa = "PBXGroup";
         children = (
            "OBJ_17"
         );
         name = "System";
         path = "System";
         sourceTree = "<group>";
      };
      "OBJ_17" = {
         isa = "PBXFileReference";
         path = "SystemHelper.swift";
         sourceTree = "<group>";
      };
      "OBJ_18" = {
         isa = "PBXFileReference";
         path = "SystemInfo.swift";
         sourceTree = "<group>";
      };
      "OBJ_19" = {
         isa = "PBXGroup";
         children = (
            "OBJ_20"
         );
         name = "Tests";
         path = "";
         sourceTree = "SOURCE_ROOT";
      };
      "OBJ_2" = {
         isa = "XCConfigurationList";
         buildConfigurations = (
            "OBJ_3",
            "OBJ_4"
         );
         defaultConfigurationIsVisible = "0";
         defaultConfigurationName = "Release";
      };
      "OBJ_20" = {
         isa = "PBXGroup";
         children = (
            "OBJ_21"
         );
         name = "BIASystemKitTests";
         path = "Tests/BIASystemKitTests";
         sourceTree = "SOURCE_ROOT";
      };
      "OBJ_21" = {
         isa = "PBXFileReference";
         path = "Tests.swift";
         sourceTree = "<group>";
      };
      "OBJ_22" = {
         isa = "PBXGroup";
         children = (
            "BIASystemKit::BIASystemKitTests::Product",
            "BIASystemKit::BIASystemKit::Product"
         );
         name = "Products";
         path = "";
         sourceTree = "BUILT_PRODUCTS_DIR";
      };
      "OBJ_25" = {
         isa = "PBXFileReference";
         path = "Configuration";
         sourceTree = "SOURCE_ROOT";
      };
      "OBJ_26" = {
         isa = "PBXFileReference";
         path = "Example iOS-Cocoapods";
         sourceTree = "SOURCE_ROOT";
      };
      "OBJ_27" = {
         isa = "PBXFileReference";
         path = "Example iOS-SwiftPM";
         sourceTree = "SOURCE_ROOT";
      };
      "OBJ_28" = {
         isa = "PBXFileReference";
         path = "Shared iOS";
         sourceTree = "SOURCE_ROOT";
      };
      "OBJ_29" = {
         isa = "PBXFileReference";
         path = "fastlane";
         sourceTree = "SOURCE_ROOT";
      };
      "OBJ_3" = {
         isa = "XCBuildConfiguration";
         buildSettings = {
            CLANG_ENABLE_OBJC_ARC = "YES";
            COMBINE_HIDPI_IMAGES = "YES";
            COPY_PHASE_STRIP = "NO";
            DEBUG_INFORMATION_FORMAT = "dwarf";
            DYLIB_INSTALL_NAME_BASE = "@rpath";
            ENABLE_NS_ASSERTIONS = "YES";
            GCC_OPTIMIZATION_LEVEL = "0";
            GCC_PREPROCESSOR_DEFINITIONS = (
               "$(inherited)",
               "SWIFT_PACKAGE=1",
               "DEBUG=1"
            );
            MACOSX_DEPLOYMENT_TARGET = "10.10";
            ONLY_ACTIVE_ARCH = "YES";
            OTHER_SWIFT_FLAGS = (
               "$(inherited)",
               "-DXcode"
            );
            PRODUCT_NAME = "$(TARGET_NAME)";
            SDKROOT = "macosx";
            SUPPORTED_PLATFORMS = (
               "macosx",
               "iphoneos",
               "iphonesimulator",
               "appletvos",
               "appletvsimulator",
               "watchos",
               "watchsimulator"
            );
            SWIFT_ACTIVE_COMPILATION_CONDITIONS = (
               "$(inherited)",
               "SWIFT_PACKAGE",
               "DEBUG"
            );
            SWIFT_OPTIMIZATION_LEVEL = "-Onone";
            USE_HEADERMAP = "NO";
         };
         name = "Debug";
      };
      "OBJ_30" = {
         isa = "PBXFileReference";
         path = "BIASystemKit.podspec";
         sourceTree = "<group>";
      };
      "OBJ_31" = {
         isa = "PBXFileReference";
         path = "README.md";
         sourceTree = "<group>";
      };
      "OBJ_32" = {
         isa = "PBXFileReference";
         path = "Gemfile";
         sourceTree = "<group>";
      };
      "OBJ_33" = {
         isa = "PBXFileReference";
         path = "Gemfile.lock";
         sourceTree = "<group>";
      };
      "OBJ_34" = {
         isa = "PBXFileReference";
         path = "LICENCE";
         sourceTree = "<group>";
      };
      "OBJ_36" = {
         isa = "XCConfigurationList";
         buildConfigurations = (
            "OBJ_37",
            "OBJ_38"
         );
         defaultConfigurationIsVisible = "0";
         defaultConfigurationName = "Release";
      };
      "OBJ_37" = {
         isa = "XCBuildConfiguration";
         buildSettings = {
            ENABLE_TESTABILITY = "YES";
            FRAMEWORK_SEARCH_PATHS = (
               "$(inherited)",
               "$(PLATFORM_DIR)/Developer/Library/Frameworks"
            );
            HEADER_SEARCH_PATHS = (
               "$(inherited)"
            );
            INFOPLIST_FILE = "BIASystemKit.xcodeproj/BIASystemKit_Info.plist";
            IPHONEOS_DEPLOYMENT_TARGET = "9.0";
            LD_RUNPATH_SEARCH_PATHS = (
               "$(inherited)",
               "$(TOOLCHAIN_DIR)/usr/lib/swift/macosx"
            );
            MACOSX_DEPLOYMENT_TARGET = "10.10";
            OTHER_CFLAGS = (
               "$(inherited)"
            );
            OTHER_LDFLAGS = (
               "$(inherited)"
            );
            OTHER_SWIFT_FLAGS = (
               "$(inherited)"
            );
            PRODUCT_BUNDLE_IDENTIFIER = "BIASystemKit";
            PRODUCT_MODULE_NAME = "$(TARGET_NAME:c99extidentifier)";
            PRODUCT_NAME = "$(TARGET_NAME:c99extidentifier)";
            SKIP_INSTALL = "YES";
            SWIFT_ACTIVE_COMPILATION_CONDITIONS = (
               "$(inherited)"
            );
            SWIFT_VERSION = "5.0";
            TARGET_NAME = "BIASystemKit";
            TVOS_DEPLOYMENT_TARGET = "9.0";
            WATCHOS_DEPLOYMENT_TARGET = "2.0";
         };
         name = "Debug";
      };
      "OBJ_38" = {
         isa = "XCBuildConfiguration";
         buildSettings = {
            ENABLE_TESTABILITY = "YES";
            FRAMEWORK_SEARCH_PATHS = (
               "$(inherited)",
               "$(PLATFORM_DIR)/Developer/Library/Frameworks"
            );
            HEADER_SEARCH_PATHS = (
               "$(inherited)"
            );
            INFOPLIST_FILE = "BIASystemKit.xcodeproj/BIASystemKit_Info.plist";
            IPHONEOS_DEPLOYMENT_TARGET = "9.0";
            LD_RUNPATH_SEARCH_PATHS = (
               "$(inherited)",
               "$(TOOLCHAIN_DIR)/usr/lib/swift/macosx"
            );
            MACOSX_DEPLOYMENT_TARGET = "10.10";
            OTHER_CFLAGS = (
               "$(inherited)"
            );
            OTHER_LDFLAGS = (
               "$(inherited)"
            );
            OTHER_SWIFT_FLAGS = (
               "$(inherited)"
            );
            PRODUCT_BUNDLE_IDENTIFIER = "BIASystemKit";
            PRODUCT_MODULE_NAME = "$(TARGET_NAME:c99extidentifier)";
            PRODUCT_NAME = "$(TARGET_NAME:c99extidentifier)";
            SKIP_INSTALL = "YES";
            SWIFT_ACTIVE_COMPILATION_CONDITIONS = (
               "$(inherited)"
            );
            SWIFT_VERSION = "5.0";
            TARGET_NAME = "BIASystemKit";
            TVOS_DEPLOYMENT_TARGET = "9.0";
            WATCHOS_DEPLOYMENT_TARGET = "2.0";
         };
         name = "Release";
      };
      "OBJ_39" = {
         isa = "PBXSourcesBuildPhase";
         files = (
            "OBJ_40",
            "OBJ_41",
            "OBJ_42",
            "OBJ_43",
            "OBJ_44",
            "OBJ_45"
         );
      };
      "OBJ_4" = {
         isa = "XCBuildConfiguration";
         buildSettings = {
            CLANG_ENABLE_OBJC_ARC = "YES";
            COMBINE_HIDPI_IMAGES = "YES";
            COPY_PHASE_STRIP = "YES";
            DEBUG_INFORMATION_FORMAT = "dwarf-with-dsym";
            DYLIB_INSTALL_NAME_BASE = "@rpath";
            GCC_OPTIMIZATION_LEVEL = "s";
            GCC_PREPROCESSOR_DEFINITIONS = (
               "$(inherited)",
               "SWIFT_PACKAGE=1"
            );
            MACOSX_DEPLOYMENT_TARGET = "10.10";
            OTHER_SWIFT_FLAGS = (
               "$(inherited)",
               "-DXcode"
            );
            PRODUCT_NAME = "$(TARGET_NAME)";
            SDKROOT = "macosx";
            SUPPORTED_PLATFORMS = (
               "macosx",
               "iphoneos",
               "iphonesimulator",
               "appletvos",
               "appletvsimulator",
               "watchos",
               "watchsimulator"
            );
            SWIFT_ACTIVE_COMPILATION_CONDITIONS = (
               "$(inherited)",
               "SWIFT_PACKAGE"
            );
            SWIFT_OPTIMIZATION_LEVEL = "-Owholemodule";
            USE_HEADERMAP = "NO";
         };
         name = "Release";
      };
      "OBJ_40" = {
         isa = "PBXBuildFile";
         fileRef = "OBJ_10";
      };
      "OBJ_41" = {
         isa = "PBXBuildFile";
         fileRef = "OBJ_11";
      };
      "OBJ_42" = {
         isa = "PBXBuildFile";
         fileRef = "OBJ_13";
      };
      "OBJ_43" = {
         isa = "PBXBuildFile";
         fileRef = "OBJ_15";
      };
      "OBJ_44" = {
         isa = "PBXBuildFile";
         fileRef = "OBJ_17";
      };
      "OBJ_45" = {
         isa = "PBXBuildFile";
         fileRef = "OBJ_18";
      };
      "OBJ_46" = {
         isa = "PBXFrameworksBuildPhase";
         files = (
         );
      };
      "OBJ_48" = {
         isa = "XCConfigurationList";
         buildConfigurations = (
            "OBJ_49",
            "OBJ_50"
         );
         defaultConfigurationIsVisible = "0";
         defaultConfigurationName = "Release";
      };
      "OBJ_49" = {
         isa = "XCBuildConfiguration";
         buildSettings = {
            LD = "/usr/bin/true";
            OTHER_SWIFT_FLAGS = (
               "-swift-version",
               "5",
               "-I",
               "$(TOOLCHAIN_DIR)/usr/lib/swift/pm/4_2",
               "-sdk",
               "/Applications/Xcode.app/Contents/Developer/Platforms/MacOSX.platform/Developer/SDKs/MacOSX11.0.sdk",
               "-package-description-version",
               "5.3.0"
            );
            SWIFT_VERSION = "5.0";
         };
         name = "Debug";
      };
      "OBJ_5" = {
         isa = "PBXGroup";
         children = (
            "OBJ_6",
            "OBJ_7",
            "OBJ_19",
            "OBJ_22",
            "OBJ_25",
            "OBJ_26",
            "OBJ_27",
            "OBJ_28",
            "OBJ_29",
            "OBJ_30",
            "OBJ_31",
            "OBJ_32",
            "OBJ_33",
            "OBJ_34"
         );
         path = "";
         sourceTree = "<group>";
      };
      "OBJ_50" = {
         isa = "XCBuildConfiguration";
         buildSettings = {
            LD = "/usr/bin/true";
            OTHER_SWIFT_FLAGS = (
               "-swift-version",
               "5",
               "-I",
               "$(TOOLCHAIN_DIR)/usr/lib/swift/pm/4_2",
               "-sdk",
               "/Applications/Xcode.app/Contents/Developer/Platforms/MacOSX.platform/Developer/SDKs/MacOSX11.0.sdk",
               "-package-description-version",
               "5.3.0"
            );
            SWIFT_VERSION = "5.0";
         };
         name = "Release";
      };
      "OBJ_51" = {
         isa = "PBXSourcesBuildPhase";
         files = (
            "OBJ_52"
         );
      };
      "OBJ_52" = {
         isa = "PBXBuildFile";
         fileRef = "OBJ_6";
      };
      "OBJ_54" = {
         isa = "XCConfigurationList";
         buildConfigurations = (
            "OBJ_55",
            "OBJ_56"
         );
         defaultConfigurationIsVisible = "0";
         defaultConfigurationName = "Release";
      };
      "OBJ_55" = {
         isa = "XCBuildConfiguration";
         buildSettings = {
         };
         name = "Debug";
      };
      "OBJ_56" = {
         isa = "XCBuildConfiguration";
         buildSettings = {
         };
         name = "Release";
      };
      "OBJ_57" = {
         isa = "PBXTargetDependency";
         target = "BIASystemKit::BIASystemKitTests";
      };
      "OBJ_59" = {
         isa = "XCConfigurationList";
         buildConfigurations = (
            "OBJ_60",
            "OBJ_61"
         );
         defaultConfigurationIsVisible = "0";
         defaultConfigurationName = "Release";
      };
      "OBJ_6" = {
         isa = "PBXFileReference";
         explicitFileType = "sourcecode.swift";
         path = "Package.swift";
         sourceTree = "<group>";
      };
      "OBJ_60" = {
         isa = "XCBuildConfiguration";
         buildSettings = {
            CLANG_ENABLE_MODULES = "YES";
            EMBEDDED_CONTENT_CONTAINS_SWIFT = "YES";
            FRAMEWORK_SEARCH_PATHS = (
               "$(inherited)",
               "$(PLATFORM_DIR)/Developer/Library/Frameworks"
            );
            HEADER_SEARCH_PATHS = (
               "$(inherited)"
            );
            INFOPLIST_FILE = "BIASystemKit.xcodeproj/BIASystemKitTests_Info.plist";
            IPHONEOS_DEPLOYMENT_TARGET = "14.0";
            LD_RUNPATH_SEARCH_PATHS = (
               "$(inherited)",
               "@loader_path/../Frameworks",
               "@loader_path/Frameworks"
            );
            MACOSX_DEPLOYMENT_TARGET = "10.15";
            OTHER_CFLAGS = (
               "$(inherited)"
            );
            OTHER_LDFLAGS = (
               "$(inherited)"
            );
            OTHER_SWIFT_FLAGS = (
               "$(inherited)"
            );
            SWIFT_ACTIVE_COMPILATION_CONDITIONS = (
               "$(inherited)"
            );
            SWIFT_VERSION = "5.0";
            TARGET_NAME = "BIASystemKitTests";
            TVOS_DEPLOYMENT_TARGET = "9.0";
            WATCHOS_DEPLOYMENT_TARGET = "2.0";
         };
         name = "Debug";
      };
      "OBJ_61" = {
         isa = "XCBuildConfiguration";
         buildSettings = {
            CLANG_ENABLE_MODULES = "YES";
            EMBEDDED_CONTENT_CONTAINS_SWIFT = "YES";
            FRAMEWORK_SEARCH_PATHS = (
               "$(inherited)",
               "$(PLATFORM_DIR)/Developer/Library/Frameworks"
            );
            HEADER_SEARCH_PATHS = (
               "$(inherited)"
            );
            INFOPLIST_FILE = "BIASystemKit.xcodeproj/BIASystemKitTests_Info.plist";
            IPHONEOS_DEPLOYMENT_TARGET = "14.0";
            LD_RUNPATH_SEARCH_PATHS = (
               "$(inherited)",
               "@loader_path/../Frameworks",
               "@loader_path/Frameworks"
            );
            MACOSX_DEPLOYMENT_TARGET = "10.15";
            OTHER_CFLAGS = (
               "$(inherited)"
            );
            OTHER_LDFLAGS = (
               "$(inherited)"
            );
            OTHER_SWIFT_FLAGS = (
               "$(inherited)"
            );
            SWIFT_ACTIVE_COMPILATION_CONDITIONS = (
               "$(inherited)"
            );
            SWIFT_VERSION = "5.0";
            TARGET_NAME = "BIASystemKitTests";
            TVOS_DEPLOYMENT_TARGET = "9.0";
            WATCHOS_DEPLOYMENT_TARGET = "2.0";
         };
         name = "Release";
      };
      "OBJ_62" = {
         isa = "PBXSourcesBuildPhase";
         files = (
            "OBJ_63"
         );
      };
      "OBJ_63" = {
         isa = "PBXBuildFile";
         fileRef = "OBJ_21";
      };
      "OBJ_64" = {
         isa = "PBXFrameworksBuildPhase";
         files = (
            "OBJ_65"
         );
      };
      "OBJ_65" = {
         isa = "PBXBuildFile";
         fileRef = "BIASystemKit::BIASystemKit::Product";
      };
      "OBJ_66" = {
         isa = "PBXTargetDependency";
         target = "BIASystemKit::BIASystemKit";
      };
      "OBJ_7" = {
         isa = "PBXGroup";
         children = (
            "OBJ_8",
            "OBJ_18"
         );
         name = "Sources";
         path = "Source";
         sourceTree = "SOURCE_ROOT";
      };
      "OBJ_8" = {
         isa = "PBXGroup";
         children = (
            "OBJ_9",
            "OBJ_12",
            "OBJ_14",
            "OBJ_16"
         );
         name = "Helper";
         path = "Helper";
         sourceTree = "<group>";
      };
      "OBJ_9" = {
         isa = "PBXGroup";
         children = (
            "OBJ_10",
            "OBJ_11"
         );
         name = "Device";
         path = "Device";
         sourceTree = "<group>";
      };
   };
   rootObject = "OBJ_1";
}
